
Microsoft Visual Studio Solution File, Format Version 12.00
# Visual Studio Version 16
VisualStudioVersion = 16.0.31424.327
MinimumVisualStudioVersion = 10.0.40219.1
Project("{9A19103F-16F7-4668-BE54-9A1E7A4F7556}") = "Programm", "Programm.csproj", "{40932134-A9FD-4BFC-BA25-179455B238DB}"
EndProject
Global
	GlobalSection(SolutionConfigurationPlatforms) = preSolution
		Debug|Any CPU = Debug|Any CPU
		Release|Any CPU = Release|Any CPU
	EndGlobalSection
	GlobalSection(ProjectConfigurationPlatforms) = postSolution
		{40932134-A9FD-4BFC-BA25-179455B238DB}.Debug|Any CPU.ActiveCfg = Debug|Any CPU
		{40932134-A9FD-4BFC-BA25-179455B238DB}.Debug|Any CPU.Build.0 = Debug|Any CPU
		{40932134-A9FD-4BFC-BA25-179455B238DB}.Release|Any CPU.ActiveCfg = Release|Any CPU
		{40932134-A9FD-4BFC-BA25-179455B238DB}.Release|Any CPU.Build.0 = Release|Any CPU
	EndGlobalSection
	GlobalSection(SolutionProperties) = preSolution
		HideSolutionNode = FALSE
	EndGlobalSection
	GlobalSection(ExtensibilityGlobals) = postSolution
		SolutionGuid = {A79E2C41-62C5-4B24-A8A9-4573D310586D}
	EndGlobalSection
EndGlobal
